
Microsoft Visual Studio Solution File, Format Version 12.00
# Visual Studio Version 17
VisualStudioVersion = 17.4.33103.184
MinimumVisualStudioVersion = 10.0.40219.1
Project("{FAE04EC0-301F-11D3-BF4B-00C04F79EFBC}") = "kiosk", "kiosk.csproj", "{CC8623D5-FFB5-45E9-9BE6-9DD575ED1098}"
EndProject
Global
	GlobalSection(SolutionConfigurationPlatforms) = preSolution
		Debug|Any CPU = Debug|Any CPU
		Release|Any CPU = Release|Any CPU
	EndGlobalSection
	GlobalSection(ProjectConfigurationPlatforms) = postSolution
		{CC8623D5-FFB5-45E9-9BE6-9DD575ED1098}.Debug|Any CPU.ActiveCfg = Debug|Any CPU
		{CC8623D5-FFB5-45E9-9BE6-9DD575ED1098}.Debug|Any CPU.Build.0 = Debug|Any CPU
		{CC8623D5-FFB5-45E9-9BE6-9DD575ED1098}.Release|Any CPU.ActiveCfg = Release|Any CPU
		{CC8623D5-FFB5-45E9-9BE6-9DD575ED1098}.Release|Any CPU.Build.0 = Release|Any CPU
	EndGlobalSection
	GlobalSection(SolutionProperties) = preSolution
		HideSolutionNode = FALSE
	EndGlobalSection
	GlobalSection(ExtensibilityGlobals) = postSolution
		SolutionGuid = {B6B6FDEF-2C08-4F36-A163-F48D8684A5EF}
	EndGlobalSection
EndGlobal
